
Microsoft Visual Studio Solution File, Format Version 12.00
# Visual Studio Version 17
VisualStudioVersion = 17.1.32328.378
MinimumVisualStudioVersion = 10.0.40219.1
Project("{FAE04EC0-301F-11D3-BF4B-00C04F79EFBC}") = "UsingEvents", "UsingEvents\UsingEvents.csproj", "{EAD9A64E-E786-4907-950A-0D894681FC30}"
EndProject
Project("{FAE04EC0-301F-11D3-BF4B-00C04F79EFBC}") = "UsingBackgroundQueues", "UsingBackgroundQueues\UsingBackgroundQueues.csproj", "{43D719E6-DAA9-456E-9B2F-83E09AF41589}"
EndProject
Global
	GlobalSection(SolutionConfigurationPlatforms) = preSolution
		Debug|Any CPU = Debug|Any CPU
		Release|Any CPU = Release|Any CPU
	EndGlobalSection
	GlobalSection(ProjectConfigurationPlatforms) = postSolution
		{EAD9A64E-E786-4907-950A-0D894681FC30}.Debug|Any CPU.ActiveCfg = Debug|Any CPU
		{EAD9A64E-E786-4907-950A-0D894681FC30}.Debug|Any CPU.Build.0 = Debug|Any CPU
		{EAD9A64E-E786-4907-950A-0D894681FC30}.Release|Any CPU.ActiveCfg = Release|Any CPU
		{EAD9A64E-E786-4907-950A-0D894681FC30}.Release|Any CPU.Build.0 = Release|Any CPU
		{43D719E6-DAA9-456E-9B2F-83E09AF41589}.Debug|Any CPU.ActiveCfg = Debug|Any CPU
		{43D719E6-DAA9-456E-9B2F-83E09AF41589}.Debug|Any CPU.Build.0 = Debug|Any CPU
		{43D719E6-DAA9-456E-9B2F-83E09AF41589}.Release|Any CPU.ActiveCfg = Release|Any CPU
		{43D719E6-DAA9-456E-9B2F-83E09AF41589}.Release|Any CPU.Build.0 = Release|Any CPU
	EndGlobalSection
	GlobalSection(SolutionProperties) = preSolution
		HideSolutionNode = FALSE
	EndGlobalSection
	GlobalSection(ExtensibilityGlobals) = postSolution
		SolutionGuid = {E481B7AF-E957-454B-B10D-27506874252B}
	EndGlobalSection
EndGlobal
